
Microsoft Visual Studio Solution File, Format Version 12.00
# Visual Studio 2013
VisualStudioVersion = 12.0.21005.1
MinimumVisualStudioVersion = 10.0.40219.1
Project("{FAE04EC0-301F-11D3-BF4B-00C04F79EFBC}") = "BusinessComponent", "BusinessComponent\BusinessComponent.csproj", "{16838CAE-563F-4A55-A6B4-061E6ABB23F3}"
EndProject
Project("{E24C65DC-7377-472B-9ABA-BC803B73C61A}") = "WebSite3", "http://localhost:36650", "{4C087D78-6DB4-459F-BA85-2C3612E91DC7}"
	ProjectSection(WebsiteProperties) = preProject
		UseIISExpress = "true"
		TargetFrameworkMoniker = ".NETFramework,Version%3Dv4.0"
		ProjectReferences = "{16838cae-563f-4a55-a6b4-061e6abb23f3}|BusinessComponent.dll;"
		Debug.AspNetCompiler.VirtualPath = "/localhost_36650"
		Debug.AspNetCompiler.PhysicalPath = "WebSite3\"
		Debug.AspNetCompiler.TargetPath = "PrecompiledWeb\localhost_36650\"
		Debug.AspNetCompiler.Updateable = "true"
		Debug.AspNetCompiler.ForceOverwrite = "true"
		Debug.AspNetCompiler.FixedNames = "false"
		Debug.AspNetCompiler.Debug = "True"
		Release.AspNetCompiler.VirtualPath = "/localhost_36650"
		Release.AspNetCompiler.PhysicalPath = "WebSite3\"
		Release.AspNetCompiler.TargetPath = "PrecompiledWeb\localhost_36650\"
		Release.AspNetCompiler.Updateable = "true"
		Release.AspNetCompiler.ForceOverwrite = "true"
		Release.AspNetCompiler.FixedNames = "false"
		Release.AspNetCompiler.Debug = "False"
		SlnRelativePath = "WebSite3\"
		DefaultWebSiteLanguage = "Visual C#"
	EndProjectSection
EndProject
Global
	GlobalSection(SolutionConfigurationPlatforms) = preSolution
		Debug|Any CPU = Debug|Any CPU
		Release|Any CPU = Release|Any CPU
	EndGlobalSection
	GlobalSection(ProjectConfigurationPlatforms) = postSolution
		{16838CAE-563F-4A55-A6B4-061E6ABB23F3}.Debug|Any CPU.ActiveCfg = Debug|Any CPU
		{16838CAE-563F-4A55-A6B4-061E6ABB23F3}.Debug|Any CPU.Build.0 = Debug|Any CPU
		{16838CAE-563F-4A55-A6B4-061E6ABB23F3}.Release|Any CPU.ActiveCfg = Release|Any CPU
		{16838CAE-563F-4A55-A6B4-061E6ABB23F3}.Release|Any CPU.Build.0 = Release|Any CPU
		{4C087D78-6DB4-459F-BA85-2C3612E91DC7}.Debug|Any CPU.ActiveCfg = Debug|Any CPU
		{4C087D78-6DB4-459F-BA85-2C3612E91DC7}.Debug|Any CPU.Build.0 = Debug|Any CPU
		{4C087D78-6DB4-459F-BA85-2C3612E91DC7}.Release|Any CPU.ActiveCfg = Debug|Any CPU
		{4C087D78-6DB4-459F-BA85-2C3612E91DC7}.Release|Any CPU.Build.0 = Debug|Any CPU
	EndGlobalSection
	GlobalSection(SolutionProperties) = preSolution
		HideSolutionNode = FALSE
	EndGlobalSection
EndGlobal
